
Microsoft Visual Studio Solution File, Format Version 12.00
# Visual Studio 15
VisualStudioVersion = 15.0.28010.0
MinimumVisualStudioVersion = 10.0.40219.1
Project("{FAE04EC0-301F-11D3-BF4B-00C04F79EFBC}") = "01_SoftUniBarIncome", "01_SoftUniBarIncome\01_SoftUniBarIncome.csproj", "{BFA7B8BD-30AF-47B7-B03F-DFC8102097F8}"
EndProject
Project("{FAE04EC0-301F-11D3-BF4B-00C04F79EFBC}") = "02_SoftUniExamResults", "02_SoftUniExamResults\02_SoftUniExamResults.csproj", "{E64C8333-9ADD-47DF-B995-78A3D60090DF}"
EndProject
Global
	GlobalSection(SolutionConfigurationPlatforms) = preSolution
		Debug|Any CPU = Debug|Any CPU
		Release|Any CPU = Release|Any CPU
	EndGlobalSection
	GlobalSection(ProjectConfigurationPlatforms) = postSolution
		{BFA7B8BD-30AF-47B7-B03F-DFC8102097F8}.Debug|Any CPU.ActiveCfg = Debug|Any CPU
		{BFA7B8BD-30AF-47B7-B03F-DFC8102097F8}.Debug|Any CPU.Build.0 = Debug|Any CPU
		{BFA7B8BD-30AF-47B7-B03F-DFC8102097F8}.Release|Any CPU.ActiveCfg = Release|Any CPU
		{BFA7B8BD-30AF-47B7-B03F-DFC8102097F8}.Release|Any CPU.Build.0 = Release|Any CPU
		{E64C8333-9ADD-47DF-B995-78A3D60090DF}.Debug|Any CPU.ActiveCfg = Debug|Any CPU
		{E64C8333-9ADD-47DF-B995-78A3D60090DF}.Debug|Any CPU.Build.0 = Debug|Any CPU
		{E64C8333-9ADD-47DF-B995-78A3D60090DF}.Release|Any CPU.ActiveCfg = Release|Any CPU
		{E64C8333-9ADD-47DF-B995-78A3D60090DF}.Release|Any CPU.Build.0 = Release|Any CPU
	EndGlobalSection
	GlobalSection(SolutionProperties) = preSolution
		HideSolutionNode = FALSE
	EndGlobalSection
	GlobalSection(ExtensibilityGlobals) = postSolution
		SolutionGuid = {CBFCA048-ED93-4D09-B60A-F8BA3BE1ABBF}
	EndGlobalSection
EndGlobal
