
Microsoft Visual Studio Solution File, Format Version 12.00
# Visual Studio 15
VisualStudioVersion = 15.0.28010.0
MinimumVisualStudioVersion = 10.0.40219.1
Project("{9A19103F-16F7-4668-BE54-9A1E7A4F7556}") = "01_Train", "01_Train\01_Train.csproj", "{484CE867-4967-4423-A960-02371EBF68C5}"
EndProject
Project("{9A19103F-16F7-4668-BE54-9A1E7A4F7556}") = "02_ChangeList", "02_ChangeList\02_ChangeList.csproj", "{A47378F2-1DFB-4BEC-83B2-A6DD5FD3AC66}"
EndProject
Project("{9A19103F-16F7-4668-BE54-9A1E7A4F7556}") = "03_HouseParty", "03_HouseParty\03_HouseParty.csproj", "{C9CA6AB1-E063-4F5D-B05F-CA21AD65D657}"
EndProject
Project("{9A19103F-16F7-4668-BE54-9A1E7A4F7556}") = "04_ListOperations", "04_ListOperations\04_ListOperations.csproj", "{E5529B15-540F-4ECE-9A31-13FFE933AA50}"
EndProject
Project("{9A19103F-16F7-4668-BE54-9A1E7A4F7556}") = "05_BombNumbers", "05_BombNumbers\05_BombNumbers.csproj", "{AB24083C-050F-4F22-8F3E-927941C5449F}"
EndProject
Project("{FAE04EC0-301F-11D3-BF4B-00C04F79EFBC}") = "06_CardsGame", "06_CardsGame\06_CardsGame.csproj", "{CB980F60-0192-4737-860A-126E4C65210D}"
EndProject
Project("{FAE04EC0-301F-11D3-BF4B-00C04F79EFBC}") = "07_AppendArrays", "07_AppendArrays\07_AppendArrays.csproj", "{EBF86F15-A5D5-4BA9-BB98-CD160BCAC779}"
EndProject
Global
	GlobalSection(SolutionConfigurationPlatforms) = preSolution
		Debug|Any CPU = Debug|Any CPU
		Release|Any CPU = Release|Any CPU
	EndGlobalSection
	GlobalSection(ProjectConfigurationPlatforms) = postSolution
		{484CE867-4967-4423-A960-02371EBF68C5}.Debug|Any CPU.ActiveCfg = Debug|Any CPU
		{484CE867-4967-4423-A960-02371EBF68C5}.Debug|Any CPU.Build.0 = Debug|Any CPU
		{484CE867-4967-4423-A960-02371EBF68C5}.Release|Any CPU.ActiveCfg = Release|Any CPU
		{484CE867-4967-4423-A960-02371EBF68C5}.Release|Any CPU.Build.0 = Release|Any CPU
		{A47378F2-1DFB-4BEC-83B2-A6DD5FD3AC66}.Debug|Any CPU.ActiveCfg = Debug|Any CPU
		{A47378F2-1DFB-4BEC-83B2-A6DD5FD3AC66}.Debug|Any CPU.Build.0 = Debug|Any CPU
		{A47378F2-1DFB-4BEC-83B2-A6DD5FD3AC66}.Release|Any CPU.ActiveCfg = Release|Any CPU
		{A47378F2-1DFB-4BEC-83B2-A6DD5FD3AC66}.Release|Any CPU.Build.0 = Release|Any CPU
		{C9CA6AB1-E063-4F5D-B05F-CA21AD65D657}.Debug|Any CPU.ActiveCfg = Debug|Any CPU
		{C9CA6AB1-E063-4F5D-B05F-CA21AD65D657}.Debug|Any CPU.Build.0 = Debug|Any CPU
		{C9CA6AB1-E063-4F5D-B05F-CA21AD65D657}.Release|Any CPU.ActiveCfg = Release|Any CPU
		{C9CA6AB1-E063-4F5D-B05F-CA21AD65D657}.Release|Any CPU.Build.0 = Release|Any CPU
		{E5529B15-540F-4ECE-9A31-13FFE933AA50}.Debug|Any CPU.ActiveCfg = Debug|Any CPU
		{E5529B15-540F-4ECE-9A31-13FFE933AA50}.Debug|Any CPU.Build.0 = Debug|Any CPU
		{E5529B15-540F-4ECE-9A31-13FFE933AA50}.Release|Any CPU.ActiveCfg = Release|Any CPU
		{E5529B15-540F-4ECE-9A31-13FFE933AA50}.Release|Any CPU.Build.0 = Release|Any CPU
		{AB24083C-050F-4F22-8F3E-927941C5449F}.Debug|Any CPU.ActiveCfg = Debug|Any CPU
		{AB24083C-050F-4F22-8F3E-927941C5449F}.Debug|Any CPU.Build.0 = Debug|Any CPU
		{AB24083C-050F-4F22-8F3E-927941C5449F}.Release|Any CPU.ActiveCfg = Release|Any CPU
		{AB24083C-050F-4F22-8F3E-927941C5449F}.Release|Any CPU.Build.0 = Release|Any CPU
		{CB980F60-0192-4737-860A-126E4C65210D}.Debug|Any CPU.ActiveCfg = Debug|Any CPU
		{CB980F60-0192-4737-860A-126E4C65210D}.Debug|Any CPU.Build.0 = Debug|Any CPU
		{CB980F60-0192-4737-860A-126E4C65210D}.Release|Any CPU.ActiveCfg = Release|Any CPU
		{CB980F60-0192-4737-860A-126E4C65210D}.Release|Any CPU.Build.0 = Release|Any CPU
		{EBF86F15-A5D5-4BA9-BB98-CD160BCAC779}.Debug|Any CPU.ActiveCfg = Debug|Any CPU
		{EBF86F15-A5D5-4BA9-BB98-CD160BCAC779}.Debug|Any CPU.Build.0 = Debug|Any CPU
		{EBF86F15-A5D5-4BA9-BB98-CD160BCAC779}.Release|Any CPU.ActiveCfg = Release|Any CPU
		{EBF86F15-A5D5-4BA9-BB98-CD160BCAC779}.Release|Any CPU.Build.0 = Release|Any CPU
	EndGlobalSection
	GlobalSection(SolutionProperties) = preSolution
		HideSolutionNode = FALSE
	EndGlobalSection
	GlobalSection(ExtensibilityGlobals) = postSolution
		SolutionGuid = {6B0FC255-7EEF-4A29-A05B-42F82B497DBE}
	EndGlobalSection
EndGlobal
