
Microsoft Visual Studio Solution File, Format Version 12.00
# Visual Studio 15
VisualStudioVersion = 15.0.28010.0
MinimumVisualStudioVersion = 10.0.40219.1
Project("{FAE04EC0-301F-11D3-BF4B-00C04F79EFBC}") = "01_MathcFullName", "01_MathcFullName\01_MathcFullName.csproj", "{9C779460-E1A5-4051-B807-BC0493FE6E16}"
EndProject
Project("{FAE04EC0-301F-11D3-BF4B-00C04F79EFBC}") = "02_MatchPhoneNumber", "02_MatchPhoneNumber\02_MatchPhoneNumber.csproj", "{C7DE60C5-ABEC-4C65-A10B-E894E505D9C0}"
EndProject
Project("{FAE04EC0-301F-11D3-BF4B-00C04F79EFBC}") = "03_MatchDates", "03_MatchDates\03_MatchDates.csproj", "{76BB1739-5225-4571-B7F9-090727D7C718}"
EndProject
Project("{FAE04EC0-301F-11D3-BF4B-00C04F79EFBC}") = "04_MatchNumbers", "04_MatchNumbers\04_MatchNumbers.csproj", "{2A991205-A59B-44C1-9C64-6FD58D2EFAE6}"
EndProject
Global
	GlobalSection(SolutionConfigurationPlatforms) = preSolution
		Debug|Any CPU = Debug|Any CPU
		Release|Any CPU = Release|Any CPU
	EndGlobalSection
	GlobalSection(ProjectConfigurationPlatforms) = postSolution
		{9C779460-E1A5-4051-B807-BC0493FE6E16}.Debug|Any CPU.ActiveCfg = Debug|Any CPU
		{9C779460-E1A5-4051-B807-BC0493FE6E16}.Debug|Any CPU.Build.0 = Debug|Any CPU
		{9C779460-E1A5-4051-B807-BC0493FE6E16}.Release|Any CPU.ActiveCfg = Release|Any CPU
		{9C779460-E1A5-4051-B807-BC0493FE6E16}.Release|Any CPU.Build.0 = Release|Any CPU
		{C7DE60C5-ABEC-4C65-A10B-E894E505D9C0}.Debug|Any CPU.ActiveCfg = Debug|Any CPU
		{C7DE60C5-ABEC-4C65-A10B-E894E505D9C0}.Debug|Any CPU.Build.0 = Debug|Any CPU
		{C7DE60C5-ABEC-4C65-A10B-E894E505D9C0}.Release|Any CPU.ActiveCfg = Release|Any CPU
		{C7DE60C5-ABEC-4C65-A10B-E894E505D9C0}.Release|Any CPU.Build.0 = Release|Any CPU
		{76BB1739-5225-4571-B7F9-090727D7C718}.Debug|Any CPU.ActiveCfg = Debug|Any CPU
		{76BB1739-5225-4571-B7F9-090727D7C718}.Debug|Any CPU.Build.0 = Debug|Any CPU
		{76BB1739-5225-4571-B7F9-090727D7C718}.Release|Any CPU.ActiveCfg = Release|Any CPU
		{76BB1739-5225-4571-B7F9-090727D7C718}.Release|Any CPU.Build.0 = Release|Any CPU
		{2A991205-A59B-44C1-9C64-6FD58D2EFAE6}.Debug|Any CPU.ActiveCfg = Debug|Any CPU
		{2A991205-A59B-44C1-9C64-6FD58D2EFAE6}.Debug|Any CPU.Build.0 = Debug|Any CPU
		{2A991205-A59B-44C1-9C64-6FD58D2EFAE6}.Release|Any CPU.ActiveCfg = Release|Any CPU
		{2A991205-A59B-44C1-9C64-6FD58D2EFAE6}.Release|Any CPU.Build.0 = Release|Any CPU
	EndGlobalSection
	GlobalSection(SolutionProperties) = preSolution
		HideSolutionNode = FALSE
	EndGlobalSection
	GlobalSection(ExtensibilityGlobals) = postSolution
		SolutionGuid = {F98553DC-A8EA-4E9F-80CF-5F3E68BA5E2F}
	EndGlobalSection
EndGlobal
