
Microsoft Visual Studio Solution File, Format Version 12.00
# Visual Studio 15
VisualStudioVersion = 15.0.28010.0
MinimumVisualStudioVersion = 10.0.40219.1
Project("{FAE04EC0-301F-11D3-BF4B-00C04F79EFBC}") = "01_ReverseString", "01_ReverseString\01_ReverseString.csproj", "{B215B71D-8EE4-41C7-AFC8-9B42A2DDA7F1}"
EndProject
Project("{FAE04EC0-301F-11D3-BF4B-00C04F79EFBC}") = "02_RepeatStrings", "02_RepeatStrings\02_RepeatStrings.csproj", "{EF0CA6E7-EA69-4502-898D-EF1AC3B807B1}"
EndProject
Project("{FAE04EC0-301F-11D3-BF4B-00C04F79EFBC}") = "03_Substring", "03_Substring\03_Substring.csproj", "{DCBD7FDA-6BB0-4C41-B588-B094F31B45F1}"
EndProject
Project("{FAE04EC0-301F-11D3-BF4B-00C04F79EFBC}") = "04_TextFilter", "04_TextFilter\04_TextFilter.csproj", "{C880D09D-5E8E-4D20-89BD-11047D343CDA}"
EndProject
Project("{FAE04EC0-301F-11D3-BF4B-00C04F79EFBC}") = "05_Digits,LettersAndOther", "05_Digits,LettersAndOther\05_Digits,LettersAndOther.csproj", "{72C691D5-2A46-4AE8-945B-6C801C9BBC6C}"
EndProject
Global
	GlobalSection(SolutionConfigurationPlatforms) = preSolution
		Debug|Any CPU = Debug|Any CPU
		Release|Any CPU = Release|Any CPU
	EndGlobalSection
	GlobalSection(ProjectConfigurationPlatforms) = postSolution
		{B215B71D-8EE4-41C7-AFC8-9B42A2DDA7F1}.Debug|Any CPU.ActiveCfg = Debug|Any CPU
		{B215B71D-8EE4-41C7-AFC8-9B42A2DDA7F1}.Debug|Any CPU.Build.0 = Debug|Any CPU
		{B215B71D-8EE4-41C7-AFC8-9B42A2DDA7F1}.Release|Any CPU.ActiveCfg = Release|Any CPU
		{B215B71D-8EE4-41C7-AFC8-9B42A2DDA7F1}.Release|Any CPU.Build.0 = Release|Any CPU
		{EF0CA6E7-EA69-4502-898D-EF1AC3B807B1}.Debug|Any CPU.ActiveCfg = Debug|Any CPU
		{EF0CA6E7-EA69-4502-898D-EF1AC3B807B1}.Debug|Any CPU.Build.0 = Debug|Any CPU
		{EF0CA6E7-EA69-4502-898D-EF1AC3B807B1}.Release|Any CPU.ActiveCfg = Release|Any CPU
		{EF0CA6E7-EA69-4502-898D-EF1AC3B807B1}.Release|Any CPU.Build.0 = Release|Any CPU
		{DCBD7FDA-6BB0-4C41-B588-B094F31B45F1}.Debug|Any CPU.ActiveCfg = Debug|Any CPU
		{DCBD7FDA-6BB0-4C41-B588-B094F31B45F1}.Debug|Any CPU.Build.0 = Debug|Any CPU
		{DCBD7FDA-6BB0-4C41-B588-B094F31B45F1}.Release|Any CPU.ActiveCfg = Release|Any CPU
		{DCBD7FDA-6BB0-4C41-B588-B094F31B45F1}.Release|Any CPU.Build.0 = Release|Any CPU
		{C880D09D-5E8E-4D20-89BD-11047D343CDA}.Debug|Any CPU.ActiveCfg = Debug|Any CPU
		{C880D09D-5E8E-4D20-89BD-11047D343CDA}.Debug|Any CPU.Build.0 = Debug|Any CPU
		{C880D09D-5E8E-4D20-89BD-11047D343CDA}.Release|Any CPU.ActiveCfg = Release|Any CPU
		{C880D09D-5E8E-4D20-89BD-11047D343CDA}.Release|Any CPU.Build.0 = Release|Any CPU
		{72C691D5-2A46-4AE8-945B-6C801C9BBC6C}.Debug|Any CPU.ActiveCfg = Debug|Any CPU
		{72C691D5-2A46-4AE8-945B-6C801C9BBC6C}.Debug|Any CPU.Build.0 = Debug|Any CPU
		{72C691D5-2A46-4AE8-945B-6C801C9BBC6C}.Release|Any CPU.ActiveCfg = Release|Any CPU
		{72C691D5-2A46-4AE8-945B-6C801C9BBC6C}.Release|Any CPU.Build.0 = Release|Any CPU
	EndGlobalSection
	GlobalSection(SolutionProperties) = preSolution
		HideSolutionNode = FALSE
	EndGlobalSection
	GlobalSection(ExtensibilityGlobals) = postSolution
		SolutionGuid = {0F274964-115C-4BFB-BDCD-B17BA12ECEC4}
	EndGlobalSection
EndGlobal
